// !$*UTF8*$!
{
	archiveVersion = 1;
	classes = {
	};
	objectVersion = 50;
	objects = {

/* Begin PBXBuildFile section */
		761EB04121ABD74300326010 /* AppDelegate.swift in Sources */ = {isa = PBXBuildFile; fileRef = 761EB04021ABD74300326010 /* AppDelegate.swift */; };
		761EB04321ABD74300326010 /* art.scnassets in Resources */ = {isa = PBXBuildFile; fileRef = 761EB04221ABD74300326010 /* art.scnassets */; };
		761EB04521ABD74300326010 /* ViewController.swift in Sources */ = {isa = PBXBuildFile; fileRef = 761EB04421ABD74300326010 /* ViewController.swift */; };
		761EB04821ABD74300326010 /* Main.storyboard in Resources */ = {isa = PBXBuildFile; fileRef = 761EB04621ABD74300326010 /* Main.storyboard */; };
		761EB04A21ABD74500326010 /* Assets.xcassets in Resources */ = {isa = PBXBuildFile; fileRef = 761EB04921ABD74500326010 /* Assets.xcassets */; };
		761EB04D21ABD74500326010 /* LaunchScreen.storyboard in Resources */ = {isa = PBXBuildFile; fileRef = 761EB04B21ABD74500326010 /* LaunchScreen.storyboard */; };
		761EB05821ABD74500326010 /* HelloCubeTests.swift in Sources */ = {isa = PBXBuildFile; fileRef = 761EB05721ABD74500326010 /* HelloCubeTests.swift */; };
		761EB06321ABD74500326010 /* HelloCubeUITests.swift in Sources */ = {isa = PBXBuildFile; fileRef = 761EB06221ABD74500326010 /* HelloCubeUITests.swift */; };
/* End PBXBuildFile section */

/* Begin PBXContainerItemProxy section */
		761EB05421ABD74500326010 /* PBXContainerItemProxy */ = {
			isa = PBXContainerItemProxy;
			containerPortal = 761EB03521ABD74300326010 /* Project object */;
			proxyType = 1;
			remoteGlobalIDString = 761EB03C21ABD74300326010;
			remoteInfo = HelloCube;
		};
		761EB05F21ABD74500326010 /* PBXContainerItemProxy */ = {
			isa = PBXContainerItemProxy;
			containerPortal = 761EB03521ABD74300326010 /* Project object */;
			proxyType = 1;
			remoteGlobalIDString = 761EB03C21ABD74300326010;
			remoteInfo = HelloCube;
		};
/* End PBXContainerItemProxy section */

/* Begin PBXFileReference section */
		761EB03D21ABD74300326010 /* HelloCube.app */ = {isa = PBXFileReference; explicitFileType = wrapper.application; includeInIndex = 0; path = HelloCube.app; sourceTree = BUILT_PRODUCTS_DIR; };
		761EB04021ABD74300326010 /* AppDelegate.swift */ = {isa = PBXFileReference; lastKnownFileType = sourcecode.swift; path = AppDelegate.swift; sourceTree = "<group>"; };
		761EB04221ABD74300326010 /* art.scnassets */ = {isa = PBXFileReference; lastKnownFileType = wrapper.scnassets; path = art.scnassets; sourceTree = "<group>"; };
		761EB04421ABD74300326010 /* ViewController.swift */ = {isa = PBXFileReference; lastKnownFileType = sourcecode.swift; path = ViewController.swift; sourceTree = "<group>"; };
		761EB04721ABD74300326010 /* Base */ = {isa = PBXFileReference; lastKnownFileType = file.storyboard; name = Base; path = Base.lproj/Main.storyboard; sourceTree = "<group>"; };
		761EB04921ABD74500326010 /* Assets.xcassets */ = {isa = PBXFileReference; lastKnownFileType = folder.assetcatalog; path = Assets.xcassets; sourceTree = "<group>"; };
		761EB04C21ABD74500326010 /* Base */ = {isa = PBXFileReference; lastKnownFileType = file.storyboard; name = Base; path = Base.lproj/LaunchScreen.storyboard; sourceTree = "<group>"; };
		761EB04E21ABD74500326010 /* Info.plist */ = {isa = PBXFileReference; lastKnownFileType = text.plist.xml; path = Info.plist; sourceTree = "<group>"; };
		761EB05321ABD74500326010 /* HelloCubeTests.xctest */ = {isa = PBXFileReference; explicitFileType = wrapper.cfbundle; includeInIndex = 0; path = HelloCubeTests.xctest; sourceTree = BUILT_PRODUCTS_DIR; };
		761EB05721ABD74500326010 /* HelloCubeTests.swift */ = {isa = PBXFileReference; lastKnownFileType = sourcecode.swift; path = HelloCubeTests.swift; sourceTree = "<group>"; };
		761EB05921ABD74500326010 /* Info.plist */ = {isa = PBXFileReference; lastKnownFileType = text.plist.xml; path = Info.plist; sourceTree = "<group>"; };
		761EB05E21ABD74500326010 /* HelloCubeUITests.xctest */ = {isa = PBXFileReference; explicitFileType = wrapper.cfbundle; includeInIndex = 0; path = HelloCubeUITests.xctest; sourceTree = BUILT_PRODUCTS_DIR; };
		761EB06221ABD74500326010 /* HelloCubeUITests.swift */ = {isa = PBXFileReference; lastKnownFileType = sourcecode.swift; path = HelloCubeUITests.swift; sourceTree = "<group>"; };
		761EB06421ABD74500326010 /* Info.plist */ = {isa = PBXFileReference; lastKnownFileType = text.plist.xml; path = Info.plist; sourceTree = "<group>"; };
/* End PBXFileReference section */

/* Begin PBXFrameworksBuildPhase section */
		761EB03A21ABD74300326010 /* Frameworks */ = {
			isa = PBXFrameworksBuildPhase;
			buildActionMask = 2147483647;
			files = (
			);
			runOnlyForDeploymentPostprocessing = 0;
		};
		761EB05021ABD74500326010 /* Frameworks */ = {
			isa = PBXFrameworksBuildPhase;
			buildActionMask = 2147483647;
			files = (
			);
			runOnlyForDeploymentPostprocessing = 0;
		};
		761EB05B21ABD74500326010 /* Frameworks */ = {
			isa = PBXFrameworksBuildPhase;
			buildActionMask = 2147483647;
			files = (
			);
			runOnlyForDeploymentPostprocessing = 0;
		};
/* End PBXFrameworksBuildPhase section */

/* Begin PBXGroup section */
		761EB03421ABD74300326010 = {
			isa = PBXGroup;
			children = (
				761EB03F21ABD74300326010 /* HelloCube */,
				761EB05621ABD74500326010 /* HelloCubeTests */,
				761EB06121ABD74500326010 /* HelloCubeUITests */,
				761EB03E21ABD74300326010 /* Products */,
			);
			sourceTree = "<group>";
		};
		761EB03E21ABD74300326010 /* Products */ = {
			isa = PBXGroup;
			children = (
				761EB03D21ABD74300326010 /* HelloCube.app */,
				761EB05321ABD74500326010 /* HelloCubeTests.xctest */,
				761EB05E21ABD74500326010 /* HelloCubeUITests.xctest */,
			);
			name = Products;
			sourceTree = "<group>";
		};
		761EB03F21ABD74300326010 /* HelloCube */ = {
			isa = PBXGroup;
			children = (
				761EB04021ABD74300326010 /* AppDelegate.swift */,
				761EB04221ABD74300326010 /* art.scnassets */,
				761EB04421ABD74300326010 /* ViewController.swift */,
				761EB04621ABD74300326010 /* Main.storyboard */,
				761EB04921ABD74500326010 /* Assets.xcassets */,
				761EB04B21ABD74500326010 /* LaunchScreen.storyboard */,
				761EB04E21ABD74500326010 /* Info.plist */,
			);
			path = HelloCube;
			sourceTree = "<group>";
		};
		761EB05621ABD74500326010 /* HelloCubeTests */ = {
			isa = PBXGroup;
			children = (
				761EB05721ABD74500326010 /* HelloCubeTests.swift */,
				761EB05921ABD74500326010 /* Info.plist */,
			);
			path = HelloCubeTests;
			sourceTree = "<group>";
		};
		761EB06121ABD74500326010 /* HelloCubeUITests */ = {
			isa = PBXGroup;
			children = (
				761EB06221ABD74500326010 /* HelloCubeUITests.swift */,
				761EB06421ABD74500326010 /* Info.plist */,
			);
			path = HelloCubeUITests;
			sourceTree = "<group>";
		};
/* End PBXGroup section */

/* Begin PBXNativeTarget section */
		761EB03C21ABD74300326010 /* HelloCube */ = {
			isa = PBXNativeTarget;
			buildConfigurationList = 761EB06721ABD74500326010 /* Build configuration list for PBXNativeTarget "HelloCube" */;
			buildPhases = (
				761EB03921ABD74300326010 /* Sources */,
				761EB03A21ABD74300326010 /* Frameworks */,
				761EB03B21ABD74300326010 /* Resources */,
			);
			buildRules = (
			);
			dependencies = (
			);
			name = HelloCube;
			productName = HelloCube;
			productReference = 761EB03D21ABD74300326010 /* HelloCube.app */;
			productType = "com.apple.product-type.application";
		};
		761EB05221ABD74500326010 /* HelloCubeTests */ = {
			isa = PBXNativeTarget;
			buildConfigurationList = 761EB06A21ABD74500326010 /* Build configuration list for PBXNativeTarget "HelloCubeTests" */;
			buildPhases = (
				761EB04F21ABD74500326010 /* Sources */,
				761EB05021ABD74500326010 /* Frameworks */,
				761EB05121ABD74500326010 /* Resources */,
			);
			buildRules = (
			);
			dependencies = (
				761EB05521ABD74500326010 /* PBXTargetDependency */,
			);
			name = HelloCubeTests;
			productName = HelloCubeTests;
			productReference = 761EB05321ABD74500326010 /* HelloCubeTests.xctest */;
			productType = "com.apple.product-type.bundle.unit-test";
		};
		761EB05D21ABD74500326010 /* HelloCubeUITests */ = {
			isa = PBXNativeTarget;
			buildConfigurationList = 761EB06D21ABD74500326010 /* Build configuration list for PBXNativeTarget "HelloCubeUITests" */;
			buildPhases = (
				761EB05A21ABD74500326010 /* Sources */,
				761EB05B21ABD74500326010 /* Frameworks */,
				761EB05C21ABD74500326010 /* Resources */,
			);
			buildRules = (
			);
			dependencies = (
				761EB06021ABD74500326010 /* PBXTargetDependency */,
			);
			name = HelloCubeUITests;
			productName = HelloCubeUITests;
			productReference = 761EB05E21ABD74500326010 /* HelloCubeUITests.xctest */;
			productType = "com.apple.product-type.bundle.ui-testing";
		};
/* End PBXNativeTarget section */

/* Begin PBXProject section */
		761EB03521ABD74300326010 /* Project object */ = {
			isa = PBXProject;
			attributes = {
				LastSwiftUpdateCheck = 1010;
				LastUpgradeCheck = 1010;
				ORGANIZATIONNAME = TRT;
				TargetAttributes = {
					761EB03C21ABD74300326010 = {
						CreatedOnToolsVersion = 10.1;
					};
					761EB05221ABD74500326010 = {
						CreatedOnToolsVersion = 10.1;
						TestTargetID = 761EB03C21ABD74300326010;
					};
					761EB05D21ABD74500326010 = {
						CreatedOnToolsVersion = 10.1;
						TestTargetID = 761EB03C21ABD74300326010;
					};
				};
			};
			buildConfigurationList = 761EB03821ABD74300326010 /* Build configuration list for PBXProject "HelloCube" */;
			compatibilityVersion = "Xcode 9.3";
			developmentRegion = en;
			hasScannedForEncodings = 0;
			knownRegions = (
				en,
				Base,
			);
			mainGroup = 761EB03421ABD74300326010;
			productRefGroup = 761EB03E21ABD74300326010 /* Products */;
			projectDirPath = "";
			projectRoot = "";
			targets = (
				761EB03C21ABD74300326010 /* HelloCube */,
				761EB05221ABD74500326010 /* HelloCubeTests */,
				761EB05D21ABD74500326010 /* HelloCubeUITests */,
			);
		};
/* End PBXProject section */

/* Begin PBXResourcesBuildPhase section */
		761EB03B21ABD74300326010 /* Resources */ = {
			isa = PBXResourcesBuildPhase;
			buildActionMask = 2147483647;
			files = (
				761EB04321ABD74300326010 /* art.scnassets in Resources */,
				761EB04D21ABD74500326010 /* LaunchScreen.storyboard in Resources */,
				761EB04A21ABD74500326010 /* Assets.xcassets in Resources */,
				761EB04821ABD74300326010 /* Main.storyboard in Resources */,
			);
			runOnlyForDeploymentPostprocessing = 0;
		};
		761EB05121ABD74500326010 /* Resources */ = {
			isa = PBXResourcesBuildPhase;
			buildActionMask = 2147483647;
			files = (
			);
			runOnlyForDeploymentPostprocessing = 0;
		};
		761EB05C21ABD74500326010 /* Resources */ = {
			isa = PBXResourcesBuildPhase;
			buildActionMask = 2147483647;
			files = (
			);
			runOnlyForDeploymentPostprocessing = 0;
		};
/* End PBXResourcesBuildPhase section */

/* Begin PBXSourcesBuildPhase section */
		761EB03921ABD74300326010 /* Sources */ = {
			isa = PBXSourcesBuildPhase;
			buildActionMask = 2147483647;
			files = (
				761EB04521ABD74300326010 /* ViewController.swift in Sources */,
				761EB04121ABD74300326010 /* AppDelegate.swift in Sources */,
			);
			runOnlyForDeploymentPostprocessing = 0;
		};
		761EB04F21ABD74500326010 /* Sources */ = {
			isa = PBXSourcesBuildPhase;
			buildActionMask = 2147483647;
			files = (
				761EB05821ABD74500326010 /* HelloCubeTests.swift in Sources */,
			);
			runOnlyForDeploymentPostprocessing = 0;
		};
		761EB05A21ABD74500326010 /* Sources */ = {
			isa = PBXSourcesBuildPhase;
			buildActionMask = 2147483647;
			files = (
				761EB06321ABD74500326010 /* HelloCubeUITests.swift in Sources */,
			);
			runOnlyForDeploymentPostprocessing = 0;
		};
/* End PBXSourcesBuildPhase section */

/* Begin PBXTargetDependency section */
		761EB05521ABD74500326010 /* PBXTargetDependency */ = {
			isa = PBXTargetDependency;
			target = 761EB03C21ABD74300326010 /* HelloCube */;
			targetProxy = 761EB05421ABD74500326010 /* PBXContainerItemProxy */;
		};
		761EB06021ABD74500326010 /* PBXTargetDependency */ = {
			isa = PBXTargetDependency;
			target = 761EB03C21ABD74300326010 /* HelloCube */;
			targetProxy = 761EB05F21ABD74500326010 /* PBXContainerItemProxy */;
		};
/* End PBXTargetDependency section */

/* Begin PBXVariantGroup section */
		761EB04621ABD74300326010 /* Main.storyboard */ = {
			isa = PBXVariantGroup;
			children = (
				761EB04721ABD74300326010 /* Base */,
			);
			name = Main.storyboard;
			sourceTree = "<group>";
		};
		761EB04B21ABD74500326010 /* LaunchScreen.storyboard */ = {
			isa = PBXVariantGroup;
			children = (
				761EB04C21ABD74500326010 /* Base */,
			);
			name = LaunchScreen.storyboard;
			sourceTree = "<group>";
		};
/* End PBXVariantGroup section */

/* Begin XCBuildConfiguration section */
		761EB06521ABD74500326010 /* Debug */ = {
			isa = XCBuildConfiguration;
			buildSettings = {
				ALWAYS_SEARCH_USER_PATHS = NO;
				CLANG_ANALYZER_NONNULL = YES;
				CLANG_ANALYZER_NUMBER_OBJECT_CONVERSION = YES_AGGRESSIVE;
				CLANG_CXX_LANGUAGE_STANDARD = "gnu++14";
				CLANG_CXX_LIBRARY = "libc++";
				CLANG_ENABLE_MODULES = YES;
				CLANG_ENABLE_OBJC_ARC = YES;
				CLANG_ENABLE_OBJC_WEAK = YES;
				CLANG_WARN_BLOCK_CAPTURE_AUTORELEASING = YES;
				CLANG_WARN_BOOL_CONVERSION = YES;
				CLANG_WARN_COMMA = YES;
				CLANG_WARN_CONSTANT_CONVERSION = YES;
				CLANG_WARN_DEPRECATED_OBJC_IMPLEMENTATIONS = YES;
				CLANG_WARN_DIRECT_OBJC_ISA_USAGE = YES_ERROR;
				CLANG_WARN_DOCUMENTATION_COMMENTS = YES;
				CLANG_WARN_EMPTY_BODY = YES;
				CLANG_WARN_ENUM_CONVERSION = YES;
				CLANG_WARN_INFINITE_RECURSION = YES;
				CLANG_WARN_INT_CONVERSION = YES;
				CLANG_WARN_NON_LITERAL_NULL_CONVERSION = YES;
				CLANG_WARN_OBJC_IMPLICIT_RETAIN_SELF = YES;
				CLANG_WARN_OBJC_LITERAL_CONVERSION = YES;
				CLANG_WARN_OBJC_ROOT_CLASS = YES_ERROR;
				CLANG_WARN_RANGE_LOOP_ANALYSIS = YES;
				CLANG_WARN_STRICT_PROTOTYPES = YES;
				CLANG_WARN_SUSPICIOUS_MOVE = YES;
				CLANG_WARN_UNGUARDED_AVAILABILITY = YES_AGGRESSIVE;
				CLANG_WARN_UNREACHABLE_CODE = YES;
				CLANG_WARN__DUPLICATE_METHOD_MATCH = YES;
				CODE_SIGN_IDENTITY = "iPhone Developer";
				COPY_PHASE_STRIP = NO;
				DEBUG_INFORMATION_FORMAT = dwarf;
				ENABLE_STRICT_OBJC_MSGSEND = YES;
				ENABLE_TESTABILITY = YES;
				GCC_C_LANGUAGE_STANDARD = gnu11;
				GCC_DYNAMIC_NO_PIC = NO;
				GCC_NO_COMMON_BLOCKS = YES;
				GCC_OPTIMIZATION_LEVEL = 0;
				GCC_PREPROCESSOR_DEFINITIONS = (
					"DEBUG=1",
					"$(inherited)",
				);
				GCC_WARN_64_TO_32_BIT_CONVERSION = YES;
				GCC_WARN_ABOUT_RETURN_TYPE = YES_ERROR;
				GCC_WARN_UNDECLARED_SELECTOR = YES;
				GCC_WARN_UNINITIALIZED_AUTOS = YES_AGGRESSIVE;
				GCC_WARN_UNUSED_FUNCTION = YES;
				GCC_WARN_UNUSED_VARIABLE = YES;
				IPHONEOS_DEPLOYMENT_TARGET = 12.1;
				MTL_ENABLE_DEBUG_INFO = INCLUDE_SOURCE;
				MTL_FAST_MATH = YES;
				ONLY_ACTIVE_ARCH = YES;
				SDKROOT = iphoneos;
				SWIFT_ACTIVE_COMPILATION_CONDITIONS = DEBUG;
				SWIFT_OPTIMIZATION_LEVEL = "-Onone";
			};
			name = Debug;
		};
		761EB06621ABD74500326010 /* Release */ = {
			isa = XCBuildConfiguration;
			buildSettings = {
				ALWAYS_SEARCH_USER_PATHS = NO;
				CLANG_ANALYZER_NONNULL = YES;
				CLANG_ANALYZER_NUMBER_OBJECT_CONVERSION = YES_AGGRESSIVE;
				CLANG_CXX_LANGUAGE_STANDARD = "gnu++14";
				CLANG_CXX_LIBRARY = "libc++";
				CLANG_ENABLE_MODULES = YES;
				CLANG_ENABLE_OBJC_ARC = YES;
				CLANG_ENABLE_OBJC_WEAK = YES;
				CLANG_WARN_BLOCK_CAPTURE_AUTORELEASING = YES;
				CLANG_WARN_BOOL_CONVERSION = YES;
				CLANG_WARN_COMMA = YES;
				CLANG_WARN_CONSTANT_CONVERSION = YES;
				CLANG_WARN_DEPRECATED_OBJC_IMPLEMENTATIONS = YES;
				CLANG_WARN_DIRECT_OBJC_ISA_USAGE = YES_ERROR;
				CLANG_WARN_DOCUMENTATION_COMMENTS = YES;
				CLANG_WARN_EMPTY_BODY = YES;
				CLANG_WARN_ENUM_CONVERSION = YES;
				CLANG_WARN_INFINITE_RECURSION = YES;
				CLANG_WARN_INT_CONVERSION = YES;
				CLANG_WARN_NON_LITERAL_NULL_CONVERSION = YES;
				CLANG_WARN_OBJC_IMPLICIT_RETAIN_SELF = YES;
				CLANG_WARN_OBJC_LITERAL_CONVERSION = YES;
				CLANG_WARN_OBJC_ROOT_CLASS = YES_ERROR;
				CLANG_WARN_RANGE_LOOP_ANALYSIS = YES;
				CLANG_WARN_STRICT_PROTOTYPES = YES;
				CLANG_WARN_SUSPICIOUS_MOVE = YES;
				CLANG_WARN_UNGUARDED_AVAILABILITY = YES_AGGRESSIVE;
				CLANG_WARN_UNREACHABLE_CODE = YES;
				CLANG_WARN__DUPLICATE_METHOD_MATCH = YES;
				CODE_SIGN_IDENTITY = "iPhone Developer";
				COPY_PHASE_STRIP = NO;
				DEBUG_INFORMATION_FORMAT = "dwarf-with-dsym";
				ENABLE_NS_ASSERTIONS = NO;
				ENABLE_STRICT_OBJC_MSGSEND = YES;
				GCC_C_LANGUAGE_STANDARD = gnu11;
				GCC_NO_COMMON_BLOCKS = YES;
				GCC_WARN_64_TO_32_BIT_CONVERSION = YES;
				GCC_WARN_ABOUT_RETURN_TYPE = YES_ERROR;
				GCC_WARN_UNDECLARED_SELECTOR = YES;
				GCC_WARN_UNINITIALIZED_AUTOS = YES_AGGRESSIVE;
				GCC_WARN_UNUSED_FUNCTION = YES;
				GCC_WARN_UNUSED_VARIABLE = YES;
				IPHONEOS_DEPLOYMENT_TARGET = 12.1;
				MTL_ENABLE_DEBUG_INFO = NO;
				MTL_FAST_MATH = YES;
				SDKROOT = iphoneos;
				SWIFT_COMPILATION_MODE = wholemodule;
				SWIFT_OPTIMIZATION_LEVEL = "-O";
				VALIDATE_PRODUCT = YES;
			};
			name = Release;
		};
		761EB06821ABD74500326010 /* Debug */ = {
			isa = XCBuildConfiguration;
			buildSettings = {
				ASSETCATALOG_COMPILER_APPICON_NAME = AppIcon;
				CODE_SIGN_STYLE = Manual;
				DEVELOPMENT_TEAM = "";
				INFOPLIST_FILE = HelloCube/Info.plist;
				IPHONEOS_DEPLOYMENT_TARGET = 11.0;
				LD_RUNPATH_SEARCH_PATHS = (
					"$(inherited)",
					"@executable_path/Frameworks",
				);
				PRODUCT_BUNDLE_IDENTIFIER = com.trt.hellocube;
				PRODUCT_NAME = "$(TARGET_NAME)";
				PROVISIONING_PROFILE_SPECIFIER = "";
				SWIFT_VERSION = 4.2;
				TARGETED_DEVICE_FAMILY = "1,2";
			};
			name = Debug;
		};
		761EB06921ABD74500326010 /* Release */ = {
			isa = XCBuildConfiguration;
			buildSettings = {
				ASSETCATALOG_COMPILER_APPICON_NAME = AppIcon;
				CODE_SIGN_STYLE = Manual;
				DEVELOPMENT_TEAM = "";
				INFOPLIST_FILE = HelloCube/Info.plist;
				IPHONEOS_DEPLOYMENT_TARGET = 11.0;
				LD_RUNPATH_SEARCH_PATHS = (
					"$(inherited)",
					"@executable_path/Frameworks",
				);
				PRODUCT_BUNDLE_IDENTIFIER = com.trt.hellocube;
				PRODUCT_NAME = "$(TARGET_NAME)";
				PROVISIONING_PROFILE_SPECIFIER = "";
				SWIFT_VERSION = 4.2;
				TARGETED_DEVICE_FAMILY = "1,2";
			};
			name = Release;
		};
		761EB06B21ABD74500326010 /* Debug */ = {
			isa = XCBuildConfiguration;
			buildSettings = {
				ALWAYS_EMBED_SWIFT_STANDARD_LIBRARIES = YES;
				BUNDLE_LOADER = "$(TEST_HOST)";
				CODE_SIGN_STYLE = Automatic;
				INFOPLIST_FILE = HelloCubeTests/Info.plist;
				LD_RUNPATH_SEARCH_PATHS = (
					"$(inherited)",
					"@executable_path/Frameworks",
					"@loader_path/Frameworks",
				);
				PRODUCT_BUNDLE_IDENTIFIER = TRT.HelloCubeTests;
				PRODUCT_NAME = "$(TARGET_NAME)";
				SWIFT_VERSION = 4.2;
				TARGETED_DEVICE_FAMILY = "1,2";
				TEST_HOST = "$(BUILT_PRODUCTS_DIR)/HelloCube.app/HelloCube";
			};
			name = Debug;
		};
		761EB06C21ABD74500326010 /* Release */ = {
			isa = XCBuildConfiguration;
			buildSettings = {
				ALWAYS_EMBED_SWIFT_STANDARD_LIBRARIES = YES;
				BUNDLE_LOADER = "$(TEST_HOST)";
				CODE_SIGN_STYLE = Automatic;
				INFOPLIST_FILE = HelloCubeTests/Info.plist;
				LD_RUNPATH_SEARCH_PATHS = (
					"$(inherited)",
					"@executable_path/Frameworks",
					"@loader_path/Frameworks",
				);
				PRODUCT_BUNDLE_IDENTIFIER = TRT.HelloCubeTests;
				PRODUCT_NAME = "$(TARGET_NAME)";
				SWIFT_VERSION = 4.2;
				TARGETED_DEVICE_FAMILY = "1,2";
				TEST_HOST = "$(BUILT_PRODUCTS_DIR)/HelloCube.app/HelloCube";
			};
			name = Release;
		};
		761EB06E21ABD74500326010 /* Debug */ = {
			isa = XCBuildConfiguration;
			buildSettings = {
				ALWAYS_EMBED_SWIFT_STANDARD_LIBRARIES = YES;
				CODE_SIGN_STYLE = Automatic;
				INFOPLIST_FILE = HelloCubeUITests/Info.plist;
				LD_RUNPATH_SEARCH_PATHS = (
					"$(inherited)",
					"@executable_path/Frameworks",
					"@loader_path/Frameworks",
				);
				PRODUCT_BUNDLE_IDENTIFIER = TRT.HelloCubeUITests;
				PRODUCT_NAME = "$(TARGET_NAME)";
				SWIFT_VERSION = 4.2;
				TARGETED_DEVICE_FAMILY = "1,2";
				TEST_TARGET_NAME = HelloCube;
			};
			name = Debug;
		};
		761EB06F21ABD74500326010 /* Release */ = {
			isa = XCBuildConfiguration;
			buildSettings = {
				ALWAYS_EMBED_SWIFT_STANDARD_LIBRARIES = YES;
				CODE_SIGN_STYLE = Automatic;
				INFOPLIST_FILE = HelloCubeUITests/Info.plist;
				LD_RUNPATH_SEARCH_PATHS = (
					"$(inherited)",
					"@executable_path/Frameworks",
					"@loader_path/Frameworks",
				);
				PRODUCT_BUNDLE_IDENTIFIER = TRT.HelloCubeUITests;
				PRODUCT_NAME = "$(TARGET_NAME)";
				SWIFT_VERSION = 4.2;
				TARGETED_DEVICE_FAMILY = "1,2";
				TEST_TARGET_NAME = HelloCube;
			};
			name = Release;
		};
/* End XCBuildConfiguration section */

/* Begin XCConfigurationList section */
		761EB03821ABD74300326010 /* Build configuration list for PBXProject "HelloCube" */ = {
			isa = XCConfigurationList;
			buildConfigurations = (
				761EB06521ABD74500326010 /* Debug */,
				761EB06621ABD74500326010 /* Release */,
			);
			defaultConfigurationIsVisible = 0;
			defaultConfigurationName = Release;
		};
		761EB06721ABD74500326010 /* Build configuration list for PBXNativeTarget "HelloCube" */ = {
			isa = XCConfigurationList;
			buildConfigurations = (
				761EB06821ABD74500326010 /* Debug */,
				761EB06921ABD74500326010 /* Release */,
			);
			defaultConfigurationIsVisible = 0;
			defaultConfigurationName = Release;
		};
		761EB06A21ABD74500326010 /* Build configuration list for PBXNativeTarget "HelloCubeTests" */ = {
			isa = XCConfigurationList;
			buildConfigurations = (
				761EB06B21ABD74500326010 /* Debug */,
				761EB06C21ABD74500326010 /* Release */,
			);
			defaultConfigurationIsVisible = 0;
			defaultConfigurationName = Release;
		};
		761EB06D21ABD74500326010 /* Build configuration list for PBXNativeTarget "HelloCubeUITests" */ = {
			isa = XCConfigurationList;
			buildConfigurations = (
				761EB06E21ABD74500326010 /* Debug */,
				761EB06F21ABD74500326010 /* Release */,
			);
			defaultConfigurationIsVisible = 0;
			defaultConfigurationName = Release;
		};
/* End XCConfigurationList section */
	};
	rootObject = 761EB03521ABD74300326010 /* Project object */;
}
